
Microsoft Visual Studio Solution File, Format Version 12.00
# Visual Studio 2012
Project("{FAE04EC0-301F-11D3-BF4B-00C04F79EFBC}") = "parse.portable.net", "parse.portable.net\parse.portable.net.csproj", "{478BE1E2-0233-4C55-95D4-618338FFC0A2}"
EndProject
Project("{FAE04EC0-301F-11D3-BF4B-00C04F79EFBC}") = "parse.portable.net.tests", "parse.portable.net.tests\parse.portable.net.tests.csproj", "{3D8B5D6E-903F-45AA-BD09-EB2EDD32826C}"
EndProject
Global
	GlobalSection(SolutionConfigurationPlatforms) = preSolution
		Debug|Any CPU = Debug|Any CPU
		Release|Any CPU = Release|Any CPU
	EndGlobalSection
	GlobalSection(ProjectConfigurationPlatforms) = postSolution
		{478BE1E2-0233-4C55-95D4-618338FFC0A2}.Debug|Any CPU.ActiveCfg = Debug|Any CPU
		{478BE1E2-0233-4C55-95D4-618338FFC0A2}.Debug|Any CPU.Build.0 = Debug|Any CPU
		{478BE1E2-0233-4C55-95D4-618338FFC0A2}.Release|Any CPU.ActiveCfg = Release|Any CPU
		{478BE1E2-0233-4C55-95D4-618338FFC0A2}.Release|Any CPU.Build.0 = Release|Any CPU
		{3D8B5D6E-903F-45AA-BD09-EB2EDD32826C}.Debug|Any CPU.ActiveCfg = Debug|Any CPU
		{3D8B5D6E-903F-45AA-BD09-EB2EDD32826C}.Debug|Any CPU.Build.0 = Debug|Any CPU
		{3D8B5D6E-903F-45AA-BD09-EB2EDD32826C}.Release|Any CPU.ActiveCfg = Release|Any CPU
		{3D8B5D6E-903F-45AA-BD09-EB2EDD32826C}.Release|Any CPU.Build.0 = Release|Any CPU
	EndGlobalSection
EndGlobal
